{
    "_meta": {
        "hash": {
            "sha256": "e56814d5af8b14a446fb6547244edb5254910e95bca6ee1f6ed1f2faa1ee8f4d"
        },
        "pipfile-spec": 6,
        "requires": {
            "python_version": "3.9"
        },
        "sources": [
            {
                "name": "pypi",
                "url": "https://pypi.org/simple",
                "verify_ssl": true
            }
        ]
    },
    "default": {
        "browser-cookie3": {
            "hashes": [
                "sha256:9f8e5ddf5a6641a1fdca12d82b0923777ba59a988b68c9bcf358bfb7c42ef25b"
            ],
            "index": "pypi",
            "version": "==0.13.0"
        },
        "certifi": {
            "hashes": [
                "sha256:78884e7c1d4b00ce3cea67b44566851c4343c120abd683433ce934a68ea58872",
                "sha256:d62a0163eb4c2344ac042ab2bdf75399a71a2d8c7d47eac2e2ee91b9d6339569"
            ],
            "version": "==2021.10.8"
        },
        "cffi": {
            "hashes": [
                "sha256:00c878c90cb53ccfaae6b8bc18ad05d2036553e6d9d1d9dbcf323bbe83854ca3",
                "sha256:0104fb5ae2391d46a4cb082abdd5c69ea4eab79d8d44eaaf79f1b1fd806ee4c2",
                "sha256:06c48159c1abed75c2e721b1715c379fa3200c7784271b3c46df01383b593636",
                "sha256:0808014eb713677ec1292301ea4c81ad277b6cdf2fdd90fd540af98c0b101d20",
                "sha256:10dffb601ccfb65262a27233ac273d552ddc4d8ae1bf93b21c94b8511bffe728",
                "sha256:14cd121ea63ecdae71efa69c15c5543a4b5fbcd0bbe2aad864baca0063cecf27",
                "sha256:17771976e82e9f94976180f76468546834d22a7cc404b17c22df2a2c81db0c66",
                "sha256:181dee03b1170ff1969489acf1c26533710231c58f95534e3edac87fff06c443",
                "sha256:23cfe892bd5dd8941608f93348c0737e369e51c100d03718f108bf1add7bd6d0",
                "sha256:263cc3d821c4ab2213cbe8cd8b355a7f72a8324577dc865ef98487c1aeee2bc7",
                "sha256:2756c88cbb94231c7a147402476be2c4df2f6078099a6f4a480d239a8817ae39",
                "sha256:27c219baf94952ae9d50ec19651a687b826792055353d07648a5695413e0c605",
                "sha256:2a23af14f408d53d5e6cd4e3d9a24ff9e05906ad574822a10563efcef137979a",
                "sha256:31fb708d9d7c3f49a60f04cf5b119aeefe5644daba1cd2a0fe389b674fd1de37",
                "sha256:3415c89f9204ee60cd09b235810be700e993e343a408693e80ce7f6a40108029",
                "sha256:3773c4d81e6e818df2efbc7dd77325ca0dcb688116050fb2b3011218eda36139",
                "sha256:3b96a311ac60a3f6be21d2572e46ce67f09abcf4d09344c49274eb9e0bf345fc",
                "sha256:3f7d084648d77af029acb79a0ff49a0ad7e9d09057a9bf46596dac9514dc07df",
                "sha256:41d45de54cd277a7878919867c0f08b0cf817605e4eb94093e7516505d3c8d14",
                "sha256:4238e6dab5d6a8ba812de994bbb0a79bddbdf80994e4ce802b6f6f3142fcc880",
                "sha256:45db3a33139e9c8f7c09234b5784a5e33d31fd6907800b316decad50af323ff2",
                "sha256:45e8636704eacc432a206ac7345a5d3d2c62d95a507ec70d62f23cd91770482a",
                "sha256:4958391dbd6249d7ad855b9ca88fae690783a6be9e86df65865058ed81fc860e",
                "sha256:4a306fa632e8f0928956a41fa8e1d6243c71e7eb59ffbd165fc0b41e316b2474",
                "sha256:57e9ac9ccc3101fac9d6014fba037473e4358ef4e89f8e181f8951a2c0162024",
                "sha256:59888172256cac5629e60e72e86598027aca6bf01fa2465bdb676d37636573e8",
                "sha256:5e069f72d497312b24fcc02073d70cb989045d1c91cbd53979366077959933e0",
                "sha256:64d4ec9f448dfe041705426000cc13e34e6e5bb13736e9fd62e34a0b0c41566e",
                "sha256:6dc2737a3674b3e344847c8686cf29e500584ccad76204efea14f451d4cc669a",
                "sha256:74fdfdbfdc48d3f47148976f49fab3251e550a8720bebc99bf1483f5bfb5db3e",
                "sha256:75e4024375654472cc27e91cbe9eaa08567f7fbdf822638be2814ce059f58032",
                "sha256:786902fb9ba7433aae840e0ed609f45c7bcd4e225ebb9c753aa39725bb3e6ad6",
                "sha256:8b6c2ea03845c9f501ed1313e78de148cd3f6cad741a75d43a29b43da27f2e1e",
                "sha256:91d77d2a782be4274da750752bb1650a97bfd8f291022b379bb8e01c66b4e96b",
                "sha256:91ec59c33514b7c7559a6acda53bbfe1b283949c34fe7440bcf917f96ac0723e",
                "sha256:920f0d66a896c2d99f0adbb391f990a84091179542c205fa53ce5787aff87954",
                "sha256:a5263e363c27b653a90078143adb3d076c1a748ec9ecc78ea2fb916f9b861962",
                "sha256:abb9a20a72ac4e0fdb50dae135ba5e77880518e742077ced47eb1499e29a443c",
                "sha256:c2051981a968d7de9dd2d7b87bcb9c939c74a34626a6e2f8181455dd49ed69e4",
                "sha256:c21c9e3896c23007803a875460fb786118f0cdd4434359577ea25eb556e34c55",
                "sha256:c2502a1a03b6312837279c8c1bd3ebedf6c12c4228ddbad40912d671ccc8a962",
                "sha256:d4d692a89c5cf08a8557fdeb329b82e7bf609aadfaed6c0d79f5a449a3c7c023",
                "sha256:da5db4e883f1ce37f55c667e5c0de439df76ac4cb55964655906306918e7363c",
                "sha256:e7022a66d9b55e93e1a845d8c9eba2a1bebd4966cd8bfc25d9cd07d515b33fa6",
                "sha256:ef1f279350da2c586a69d32fc8733092fd32cc8ac95139a00377841f59a3f8d8",
                "sha256:f54a64f8b0c8ff0b64d18aa76675262e1700f3995182267998c31ae974fbc382",
                "sha256:f5c7150ad32ba43a07c4479f40241756145a1f03b43480e058cfd862bf5041c7",
                "sha256:f6f824dc3bce0edab5f427efcfb1d63ee75b6fcb7282900ccaf925be84efb0fc",
                "sha256:fd8a250edc26254fe5b33be00402e6d287f562b6a5b2152dec302fa15bb3e997",
                "sha256:ffaa5c925128e29efbde7301d8ecaf35c8c60ffbcd6a1ffd3a552177c8e5e796"
            ],
            "version": "==1.15.0"
        },
        "charset-normalizer": {
            "hashes": [
                "sha256:735e240d9a8506778cd7a453d97e817e536bb1fc29f4f6961ce297b9c7a917b0",
                "sha256:83fcdeb225499d6344c8f7f34684c2981270beacc32ede2e669e94f7fa544405"
            ],
            "markers": "python_version >= '3'",
            "version": "==2.0.8"
        },
        "cryptography": {
            "hashes": [
                "sha256:2049f8b87f449fc6190350de443ee0c1dd631f2ce4fa99efad2984de81031681",
                "sha256:231c4a69b11f6af79c1495a0e5a85909686ea8db946935224b7825cfb53827ed",
                "sha256:24469d9d33217ffd0ce4582dfcf2a76671af115663a95328f63c99ec7ece61a4",
                "sha256:2deab5ec05d83ddcf9b0916319674d3dae88b0e7ee18f8962642d3cde0496568",
                "sha256:494106e9cd945c2cadfce5374fa44c94cfadf01d4566a3b13bb487d2e6c7959e",
                "sha256:4c702855cd3174666ef0d2d13dcc879090aa9c6c38f5578896407a7028f75b9f",
                "sha256:52f769ecb4ef39865719aedc67b4b7eae167bafa48dbc2a26dd36fa56460507f",
                "sha256:5c49c9e8fb26a567a2b3fa0343c89f5d325447956cc2fc7231c943b29a973712",
                "sha256:684993ff6f67000a56454b41bdc7e015429732d65a52d06385b6e9de6181c71e",
                "sha256:6fbbbb8aab4053fa018984bb0e95a16faeb051dd8cca15add2a27e267ba02b58",
                "sha256:8982c19bb90a4fa2aad3d635c6d71814e38b643649b4000a8419f8691f20ac44",
                "sha256:9511416e85e449fe1de73f7f99b21b3aa04fba4c4d335d30c486ba3756e3a2a6",
                "sha256:97199a13b772e74cdcdb03760c32109c808aff7cd49c29e9cf4b7754bb725d1d",
                "sha256:a776bae1629c8d7198396fd93ec0265f8dd2341c553dc32b976168aaf0e6a636",
                "sha256:aa94d617a4cd4cdf4af9b5af65100c036bce22280ebb15d8b5262e8273ebc6ba",
                "sha256:b17d83b3d1610e571fedac21b2eb36b816654d6f7496004d6a0d32f99d1d8120",
                "sha256:d73e3a96c38173e0aa5646c31bf8473bc3564837977dd480f5cbeacf1d7ef3a3",
                "sha256:d91bc9f535599bed58f6d2e21a2724cb0c3895bf41c6403fe881391d29096f1d",
                "sha256:ef216d13ac8d24d9cd851776662f75f8d29c9f2d05cdcc2d34a18d32463a9b0b",
                "sha256:f6a5a85beb33e57998dc605b9dbe7deaa806385fdf5c4810fb849fcd04640c81",
                "sha256:f92556f94e476c1b616e6daec5f7ddded2c082efa7cee7f31c7aeda615906ed8"
            ],
            "markers": "python_version >= '3.6'",
            "version": "==36.0.0"
        },
        "idna": {
            "hashes": [
                "sha256:84d9dd047ffa80596e0f246e2eab0b391788b0503584e8945f2368256d2735ff",
                "sha256:9d643ff0a55b762d5cdb124b8eaa99c66322e2157b69160bc32796e824360e6d"
            ],
            "markers": "python_version >= '3'",
            "version": "==3.3"
        },
        "importlib-metadata": {
            "hashes": [
                "sha256:53ccfd5c134223e497627b9815d5030edf77d2ed573922f7a0b8f8bb81a1c100",
                "sha256:75bdec14c397f528724c1bfd9709d660b33a4d2e77387a3358f20b848bb5e5fb"
            ],
            "markers": "python_version >= '3.6'",
            "version": "==4.8.2"
        },
        "jeepney": {
            "hashes": [
                "sha256:1b5a0ea5c0e7b166b2f5895b91a08c14de8915afda4407fb5022a195224958ac",
                "sha256:fa9e232dfa0c498bd0b8a3a73b8d8a31978304dcef0515adc859d4e096f96f4f"
            ],
            "markers": "python_version >= '3.6'",
            "version": "==0.7.1"
        },
        "keyring": {
            "hashes": [
                "sha256:3dc0f66062a4f8f6f2ce30d6a516e6e623e6c3c2e76864204ceaf64695408f07",
                "sha256:88f206024295e3c6fb16bb0a60fb4bb7ec1185629dc5a729f12aa7c236d01387"
            ],
            "markers": "python_version >= '3.6'",
            "version": "==23.4.0"
        },
        "lz4": {
            "hashes": [
                "sha256:060a69c1b8111c1428a4aabc031e79b861442bf92eeb9a48a97cab9ba4a54194",
                "sha256:1587538466ecb8c18a58425a9513321e218c9518198d3e3b1897876686edd5c7",
                "sha256:3fcd913191a34c59ff07a5b8594d3b61213ae0044bba618f74202722a2efbe2f",
                "sha256:439e575ecfa9ecffcbd63cfed99baefbe422ab9645b1e82278024d8a21d9720b",
                "sha256:48c67beaa312d7f3db66c78cd3d8b4332512489af8ebd9783d4ec735e3337923",
                "sha256:59afeb136957ed7a2058e4ef61cb2d0f5894ca866a8bfca5ff43d49a5cbe4aa2",
                "sha256:6d16fd11e6998d4b48771e345eefb5a800a41fdf7df29ffc6b4cd36fea213172",
                "sha256:6e72e3bc14230db9baf56b05ac15ddc38a9246c414a95ca725af8d5d2226944a",
                "sha256:72945fab7f3ab486ba92a83c43c65736be9775f1b6d5f25b5f89022c476e2705",
                "sha256:a8991ac13743b09cf3d3d69c3ee6991c4e636886dbcdac584a672e38ba14d36f",
                "sha256:a987774fa38fa05a0440344ce839c512d1c51908da5d8cabbb0a2c435922477f",
                "sha256:b089376694da9dfeb7ce3c881b3271f8983c70eea4be5a1f692d97c5880ddd04",
                "sha256:be542ae2466597f31fe37ff5a8a29b124c9b4dc5fef7effa80b194aa887c01ef",
                "sha256:bf1d6dee89ef0fe0835529b9248ba503eaa918cfd1aafa02f2ab61587c387068",
                "sha256:c716eb1cd08c966952c7d8af481b4407db29fd63f151bc23b3783e8b87ddce20",
                "sha256:d36d0cc0942ef2b30ed69a64ded5e10e64061b2f8e8011c99ffea8a3f8d429c5",
                "sha256:dcda8a5fb286251422b271e785b340d551e42f2ffd10953d6aa77a12263d0868",
                "sha256:dcdaf01dc092c192576626a84c9d2fdc79c0a9b03735af9a7c153fda49ac4cfc",
                "sha256:e6dc7f003c010f8198d2ebca7d11b141c1b96f7e350c0fdb5f9b52a1966f79ff",
                "sha256:e87619075e2302f4f2ee4dafebd5e3ff47e09420df34bcfe8fc0839af4f5bac5",
                "sha256:f38880f66f8fbb8fa94cf08a2120f7bee7bf9ad35cf85259b1c3598ba17e5f9e"
            ],
            "markers": "python_version >= '3.5'",
            "version": "==3.1.10"
        },
        "numpy": {
            "hashes": [
                "sha256:0b78ecfa070460104934e2caf51694ccd00f37d5e5dbe76f021b1b0b0d221823",
                "sha256:1247ef28387b7bb7f21caf2dbe4767f4f4175df44d30604d42ad9bd701ebb31f",
                "sha256:1403b4e2181fc72664737d848b60e65150f272fe5a1c1cbc16145ed43884065a",
                "sha256:170b2a0805c6891ca78c1d96ee72e4c3ed1ae0a992c75444b6ab20ff038ba2cd",
                "sha256:2e4ed57f45f0aa38beca2a03b6532e70e548faf2debbeb3291cfc9b315d9be8f",
                "sha256:32fe5b12061f6446adcbb32cf4060a14741f9c21e15aaee59a207b6ce6423469",
                "sha256:34f3456f530ae8b44231c63082c8899fe9c983fd9b108c997c4b1c8c2d435333",
                "sha256:4c9c23158b87ed0e70d9a50c67e5c0b3f75bcf2581a8e34668d4e9d7474d76c6",
                "sha256:5d95668e727c75b3f5088ec7700e260f90ec83f488e4c0aaccb941148b2cd377",
                "sha256:615d4e328af7204c13ae3d4df7615a13ff60a49cb0d9106fde07f541207883ca",
                "sha256:69077388c5a4b997442b843dbdc3a85b420fb693ec8e33020bb24d647c164fa5",
                "sha256:74b85a17528ca60cf98381a5e779fc0264b4a88b46025e6bcbe9621f46bb3e63",
                "sha256:81225e58ef5fce7f1d80399575576fc5febec79a8a2742e8ef86d7b03beef49f",
                "sha256:8890b3360f345e8360133bc078d2dacc2843b6ee6059b568781b15b97acbe39f",
                "sha256:92aafa03da8658609f59f18722b88f0a73a249101169e28415b4fa148caf7e41",
                "sha256:9864424631775b0c052f3bd98bc2712d131b3e2cd95d1c0c68b91709170890b0",
                "sha256:9e6f5f50d1eff2f2f752b3089a118aee1ea0da63d56c44f3865681009b0af162",
                "sha256:a3deb31bc84f2b42584b8c4001c85d1934dbfb4030827110bc36bfd11509b7bf",
                "sha256:ad010846cdffe7ec27e3f933397f8a8d6c801a48634f419e3d075db27acf5880",
                "sha256:b1e2312f5b8843a3e4e8224b2b48fe16119617b8fc0a54df8f50098721b5bed2",
                "sha256:bc988afcea53e6156546e5b2885b7efab089570783d9d82caf1cfd323b0bb3dd",
                "sha256:c449eb870616a7b62e097982c622d2577b3dbc800aaf8689254ec6e0197cbf1e",
                "sha256:c74c699b122918a6c4611285cc2cad4a3aafdb135c22a16ec483340ef97d573c",
                "sha256:c885bfc07f77e8fee3dc879152ba993732601f1f11de248d4f357f0ffea6a6d4",
                "sha256:e3c3e990274444031482a31280bf48674441e0a5b55ddb168f3a6db3e0c38ec8",
                "sha256:e4799be6a2d7d3c33699a6f77201836ac975b2e1b98c2a07f66a38f499cb50ce",
                "sha256:e6c76a87633aa3fa16614b61ccedfae45b91df2767cf097aa9c933932a7ed1e0",
                "sha256:e89717274b41ebd568cd7943fc9418eeb49b1785b66031bc8a7f6300463c5898",
                "sha256:f5162ec777ba7138906c9c274353ece5603646c6965570d82905546579573f73",
                "sha256:fde96af889262e85aa033f8ee1d3241e32bf36228318a61f1ace579df4e8170d"
            ],
            "index": "pypi",
            "version": "==1.21.4"
        },
        "pbkdf2": {
            "hashes": [
                "sha256:ac6397369f128212c43064a2b4878038dab78dab41875364554aaf2a684e6979"
            ],
            "version": "==1.3"
        },
        "pyaes": {
            "hashes": [
                "sha256:02c1b1405c38d3c370b085fb952dd8bea3fadcee6411ad99f312cc129c536d8f"
            ],
            "version": "==1.6.1"
        },
        "pycparser": {
            "hashes": [
                "sha256:8ee45429555515e1f6b185e78100aea234072576aa43ab53aefcae078162fca9",
                "sha256:e644fdec12f7872f86c58ff790da456218b10f863970249516d60a5eaca77206"
            ],
            "version": "==2.21"
        },
        "pycryptodome": {
            "hashes": [
                "sha256:014c758af7fa38cab85b357a496b76f4fc9dda1f731eb28358d66fef7ad4a3e1",
                "sha256:06162fcfed2f9deee8383fd59eaeabc7b7ffc3af50d3fad4000032deb8f700b0",
                "sha256:0ca7a6b4fc1f9fafe990b95c8cda89099797e2cfbf40e55607f2f2f5a3355dcb",
                "sha256:2a4bcc8a9977fee0979079cd33a9e9f0d3ddba5660d35ffe874cf84f1dd399d2",
                "sha256:3c7ed5b07274535979c730daf5817db5e983ea80b04c22579eee8da4ca3ae4f8",
                "sha256:4169ed515742425ff21e4bd3fabbb6994ffb64434472fb72230019bdfa36b939",
                "sha256:428096bbf7a77e207f418dfd4d7c284df8ade81d2dc80f010e92753a3e406ad0",
                "sha256:4ce6b09547bf2c7cede3a017f79502eaed3e819c13cdb3cb357aea1b004e4cc6",
                "sha256:53989477044be41fa4a63da09d5038c2a34b2f4554cfea2e3933b17186ee9e19",
                "sha256:621a90147a5e255fdc2a0fec2d56626b76b5d72ea9e60164c9a5a8976d45b0c9",
                "sha256:6db1f9fa1f52226621905f004278ce7bd90c8f5363ffd5d7ab3755363d98549a",
                "sha256:6eda8a3157c91ba60b26a07bedd6c44ab8bda6cd79b6b5ea9744ba62c39b7b1e",
                "sha256:75e78360d1dd6d02eb288fd8275bb4d147d6e3f5337935c096d11dba1fa84748",
                "sha256:7ff701fc283412e651eaab4319b3cd4eaa0827e94569cd37ee9075d5c05fe655",
                "sha256:8f3a60926be78422e662b0d0b18351b426ce27657101c8a50bad80300de6a701",
                "sha256:a843350d08c3d22f6c09c2f17f020d8dcfa59496165d7425a3fba0045543dda7",
                "sha256:ae29fcd56152f417bfba50a36a56a7a5f9fb74ff80bab98704cac704de6568ab",
                "sha256:ae31cb874f6f0cedbed457c6374e7e54d7ed45c1a4e11a65a9c80968da90a650",
                "sha256:b33c9b3d1327d821e28e9cc3a6512c14f8b17570ddb4cfb9a52247ed0fcc5d8b",
                "sha256:b59bf823cfafde8ef1105d8984f26d1694dff165adb7198b12e3e068d7999b15",
                "sha256:bc3c61ff92efdcc14af4a7b81da71d849c9acee51d8fd8ac9841a7620140d6c6",
                "sha256:ce81b9c6aaa0f920e2ab05eb2b9f4ccd102e3016b2f37125593b16a83a4b0cc2",
                "sha256:d7e5f6f692421e5219aa3b545eb0cffd832cd589a4b9dcd4a5eb4260e2c0d68a",
                "sha256:da796e9221dda61a0019d01742337eb8a322de8598b678a4344ca0a436380315",
                "sha256:ead516e03dfe062aefeafe4a29445a6449b0fc43bc8cb30194b2754917a63798",
                "sha256:ed45ef92d21db33685b789de2c015e9d9a18a74760a8df1fc152faee88cdf741",
                "sha256:f19edd42368e9057c39492947bb99570dc927123e210008f2af7cf9b505c6892",
                "sha256:f9bad2220b80b4ed74f089db012ab5ab5419143a33fad6c8aedcc2a9341eac70",
                "sha256:fce7e22d96030b35345637c563246c24d4513bd3b413e1c40293114837ab8912",
                "sha256:ffd0cac13ff41f2d15ed39dc6ba1d2ad88dd2905d656c33d8235852f5d6151fd"
            ],
            "markers": "python_version >= '2.7' and python_version not in '3.0, 3.1, 3.2, 3.3, 3.4'",
            "version": "==3.11.0"
        },
        "requests": {
            "hashes": [
                "sha256:6c1246513ecd5ecd4528a0906f910e8f0f9c6b8ec72030dc9fd154dc1a6efd24",
                "sha256:b8aa58f8cf793ffd8782d3d8cb19e66ef36f7aba4353eec859e74678b01b07a7"
            ],
            "index": "pypi",
            "version": "==2.26.0"
        },
        "secretstorage": {
            "hashes": [
                "sha256:422d82c36172d88d6a0ed5afdec956514b189ddbfb72fefab0c8a1cee4eaf71f",
                "sha256:fd666c51a6bf200643495a04abb261f83229dcb6fd8472ec393df7ffc8b6f195"
            ],
            "markers": "python_version >= '3.6'",
            "version": "==3.3.1"
        },
        "urllib3": {
            "hashes": [
                "sha256:4987c65554f7a2dbf30c18fd48778ef124af6fab771a377103da0585e2336ece",
                "sha256:c4fdf4019605b6e5423637e01bc9fe4daef873709a7973e195ceba0a62bbc844"
            ],
            "markers": "python_version >= '2.7' and python_version not in '3.0, 3.1, 3.2, 3.3, 3.4' and python_version < '4'",
            "version": "==1.26.7"
        },
        "zipp": {
            "hashes": [
                "sha256:71c644c5369f4a6e07636f0aa966270449561fcea2e3d6747b8d23efaa9d7832",
                "sha256:9fe5ea21568a0a70e50f273397638d39b03353731e6cbbb3fd8502a33fec40bc"
            ],
            "markers": "python_version >= '3.6'",
            "version": "==3.6.0"
        }
    },
    "develop": {}
}
